
Microsoft Visual Studio Solution File, Format Version 12.00
# Visual Studio 2013
VisualStudioVersion = 12.0.21005.1
MinimumVisualStudioVersion = 10.0.40219.1
Project("{FAE04EC0-301F-11D3-BF4B-00C04F79EFBC}") = "ClassLibrary2", "ClassLibrary2\ClassLibrary2.csproj", "{8FBED318-AC0A-4660-8824-D36E3C4F682B}"
EndProject
Project("{FAE04EC0-301F-11D3-BF4B-00C04F79EFBC}") = "ProgressForms", "ProgressForms\ProgressForms.csproj", "{5618B021-6A26-4108-BB22-3CC90CFE8EEF}"
EndProject
Project("{FAE04EC0-301F-11D3-BF4B-00C04F79EFBC}") = "Logic", "Logic\Logic.csproj", "{BC83D0F9-051D-46E7-B719-BA1CB3A91B9A}"
EndProject
Project("{FAE04EC0-301F-11D3-BF4B-00C04F79EFBC}") = "Mocks", "Mocks\Mocks.csproj", "{B79AFD9A-12B9-402E-AA37-E86BFD4BEC0D}"
EndProject
Project("{FAE04EC0-301F-11D3-BF4B-00C04F79EFBC}") = "Prod", "Prod\Prod.csproj", "{47AC2474-EBD4-451F-9879-E995B4D8815E}"
EndProject
Project("{2150E333-8FDC-42A3-9474-1A3956D46DE8}") = "README", "README", "{F5E7EBB3-E933-4E98-B5AF-179992DC6F85}"
	ProjectSection(SolutionItems) = preProject
		README.txt = README.txt
	EndProjectSection
EndProject
Global
	GlobalSection(SolutionConfigurationPlatforms) = preSolution
		Debug|Any CPU = Debug|Any CPU
		Release|Any CPU = Release|Any CPU
	EndGlobalSection
	GlobalSection(ProjectConfigurationPlatforms) = postSolution
		{8FBED318-AC0A-4660-8824-D36E3C4F682B}.Debug|Any CPU.ActiveCfg = Debug|Any CPU
		{8FBED318-AC0A-4660-8824-D36E3C4F682B}.Debug|Any CPU.Build.0 = Debug|Any CPU
		{8FBED318-AC0A-4660-8824-D36E3C4F682B}.Release|Any CPU.ActiveCfg = Release|Any CPU
		{8FBED318-AC0A-4660-8824-D36E3C4F682B}.Release|Any CPU.Build.0 = Release|Any CPU
		{5618B021-6A26-4108-BB22-3CC90CFE8EEF}.Debug|Any CPU.ActiveCfg = Debug|Any CPU
		{5618B021-6A26-4108-BB22-3CC90CFE8EEF}.Debug|Any CPU.Build.0 = Debug|Any CPU
		{5618B021-6A26-4108-BB22-3CC90CFE8EEF}.Release|Any CPU.ActiveCfg = Release|Any CPU
		{5618B021-6A26-4108-BB22-3CC90CFE8EEF}.Release|Any CPU.Build.0 = Release|Any CPU
		{BC83D0F9-051D-46E7-B719-BA1CB3A91B9A}.Debug|Any CPU.ActiveCfg = Debug|Any CPU
		{BC83D0F9-051D-46E7-B719-BA1CB3A91B9A}.Debug|Any CPU.Build.0 = Debug|Any CPU
		{BC83D0F9-051D-46E7-B719-BA1CB3A91B9A}.Release|Any CPU.ActiveCfg = Release|Any CPU
		{BC83D0F9-051D-46E7-B719-BA1CB3A91B9A}.Release|Any CPU.Build.0 = Release|Any CPU
		{B79AFD9A-12B9-402E-AA37-E86BFD4BEC0D}.Debug|Any CPU.ActiveCfg = Debug|Any CPU
		{B79AFD9A-12B9-402E-AA37-E86BFD4BEC0D}.Debug|Any CPU.Build.0 = Debug|Any CPU
		{B79AFD9A-12B9-402E-AA37-E86BFD4BEC0D}.Release|Any CPU.ActiveCfg = Release|Any CPU
		{B79AFD9A-12B9-402E-AA37-E86BFD4BEC0D}.Release|Any CPU.Build.0 = Release|Any CPU
		{47AC2474-EBD4-451F-9879-E995B4D8815E}.Debug|Any CPU.ActiveCfg = Debug|Any CPU
		{47AC2474-EBD4-451F-9879-E995B4D8815E}.Debug|Any CPU.Build.0 = Debug|Any CPU
		{47AC2474-EBD4-451F-9879-E995B4D8815E}.Release|Any CPU.ActiveCfg = Release|Any CPU
		{47AC2474-EBD4-451F-9879-E995B4D8815E}.Release|Any CPU.Build.0 = Release|Any CPU
	EndGlobalSection
	GlobalSection(SolutionProperties) = preSolution
		HideSolutionNode = FALSE
	EndGlobalSection
EndGlobal
